PATH
  remote: .
  specs:
    confg (3.3.1)

GEM
  remote: https://rubygems.org/
  specs:
    byebug (13.0.0)
      reline (>= 0.6.0)
    drb (2.2.3)
    io-console (0.8.2)
    minitest (6.0.3)
      drb (~> 2.0)
      prism (~> 1.5)
    prism (1.9.0)
    rake (13.3.1)
    reline (0.6.3)
      io-console (~> 0.5)

PLATFORMS
  arm64-darwin
  ruby

DEPENDENCIES
  bundler
  byebug
  confg!
  minitest (~> 6.0)
  rake

CHECKSUMS
  byebug (13.0.0) sha256=d2263efe751941ca520fa29744b71972d39cbc41839496706f5d9b22e92ae05d
  confg (3.3.1)
  drb (2.2.3) sha256=0b00d6fdb50995fe4a45dea13663493c841112e4068656854646f418fda13373
  io-console (0.8.2) sha256=d6e3ae7a7cc7574f4b8893b4fca2162e57a825b223a177b7afa236c5ef9814cc
  minitest (6.0.3) sha256=88ac8a1de36c00692420e7cb3cc11a0773bbcb126aee1c249f320160a7d11411
  prism (1.9.0) sha256=7b530c6a9f92c24300014919c9dcbc055bf4cdf51ec30aed099b06cd6674ef85
  rake (13.3.1) sha256=8c9e89d09f66a26a01264e7e3480ec0607f0c497a861ef16063604b1b08eb19c
  reline (0.6.3) sha256=1198b04973565b36ec0f11542ab3f5cfeeec34823f4e54cebde90968092b1835

BUNDLED WITH
  4.0.9
